<Solution>
  <Configurations>
    <Platform Name="ARM" />
    <Platform Name="ARM64" />
    <Platform Name="x64" />
    <Platform Name="x86" />
  </Configurations>
  <Project Path="Sketch2/Sketch2.vcxproj" Id="92e7ec10-83b5-4e93-b4c9-448a33a456ab">
    <Platform Solution="*|x86" Project="x86" />
    <Deploy />
  </Project>
</Solution>
